// !$*UTF8*$!
{
	archiveVersion = 1;
	classes = {
	};
	objectVersion = 55;
	objects = {

/* Begin PBXBuildFile section */
		157F5420286F867B0071B028 /* HomeViewController.swift in Sources */ = {isa = PBXBuildFile; fileRef = 157F541F286F867B0071B028 /* HomeViewController.swift */; };
		157F5422286F8C620071B028 /* SignUpViewController.swift in Sources */ = {isa = PBXBuildFile; fileRef = 157F5421286F8C620071B028 /* SignUpViewController.swift */; };
		15BADB0B286F492A00E85DE7 /* AppDelegate.swift in Sources */ = {isa = PBXBuildFile; fileRef = 15BADB0A286F492A00E85DE7 /* AppDelegate.swift */; };
		15BADB0D286F492A00E85DE7 /* SceneDelegate.swift in Sources */ = {isa = PBXBuildFile; fileRef = 15BADB0C286F492A00E85DE7 /* SceneDelegate.swift */; };
		15BADB0F286F492A00E85DE7 /* ViewController.swift in Sources */ = {isa = PBXBuildFile; fileRef = 15BADB0E286F492A00E85DE7 /* ViewController.swift */; };
		15BADB12286F492A00E85DE7 /* Main.storyboard in Resources */ = {isa = PBXBuildFile; fileRef = 15BADB10286F492A00E85DE7 /* Main.storyboard */; };
		15BADB14286F492F00E85DE7 /* Assets.xcassets in Resources */ = {isa = PBXBuildFile; fileRef = 15BADB13286F492F00E85DE7 /* Assets.xcassets */; };
		15BADB17286F492F00E85DE7 /* LaunchScreen.storyboard in Resources */ = {isa = PBXBuildFile; fileRef = 15BADB15286F492F00E85DE7 /* LaunchScreen.storyboard */; };
		15BADB1F286F4A0700E85DE7 /* GoogleService-Info.plist in Resources */ = {isa = PBXBuildFile; fileRef = 15BADB1E286F4A0700E85DE7 /* GoogleService-Info.plist */; };
		53F610BA53F5C8BE9A83C442 /* Pods_LoginAuthentication.framework in Frameworks */ = {isa = PBXBuildFile; fileRef = 349E7B67AF3B22321B65112A /* Pods_LoginAuthentication.framework */; };
/* End PBXBuildFile section */

/* Begin PBXFileReference section */
		157F541F286F867B0071B028 /* HomeViewController.swift */ = {isa = PBXFileReference; lastKnownFileType = sourcecode.swift; path = HomeViewController.swift; sourceTree = "<group>"; };
		157F5421286F8C620071B028 /* SignUpViewController.swift */ = {isa = PBXFileReference; lastKnownFileType = sourcecode.swift; path = SignUpViewController.swift; sourceTree = "<group>"; };
		15BADB07286F492A00E85DE7 /* LoginAuthentication.app */ = {isa = PBXFileReference; explicitFileType = wrapper.application; includeInIndex = 0; path = LoginAuthentication.app; sourceTree = BUILT_PRODUCTS_DIR; };
		15BADB0A286F492A00E85DE7 /* AppDelegate.swift */ = {isa = PBXFileReference; lastKnownFileType = sourcecode.swift; path = AppDelegate.swift; sourceTree = "<group>"; };
		15BADB0C286F492A00E85DE7 /* SceneDelegate.swift */ = {isa = PBXFileReference; lastKnownFileType = sourcecode.swift; path = SceneDelegate.swift; sourceTree = "<group>"; };
		15BADB0E286F492A00E85DE7 /* ViewController.swift */ = {isa = PBXFileReference; lastKnownFileType = sourcecode.swift; path = ViewController.swift; sourceTree = "<group>"; };
		15BADB11286F492A00E85DE7 /* Base */ = {isa = PBXFileReference; lastKnownFileType = file.storyboard; name = Base; path = Base.lproj/Main.storyboard; sourceTree = "<group>"; };
		15BADB13286F492F00E85DE7 /* Assets.xcassets */ = {isa = PBXFileReference; lastKnownFileType = folder.assetcatalog; path = Assets.xcassets; sourceTree = "<group>"; };
		15BADB16286F492F00E85DE7 /* Base */ = {isa = PBXFileReference; lastKnownFileType = file.storyboard; name = Base; path = Base.lproj/LaunchScreen.storyboard; sourceTree = "<group>"; };
		15BADB18286F492F00E85DE7 /* Info.plist */ = {isa = PBXFileReference; lastKnownFileType = text.plist.xml; path = Info.plist; sourceTree = "<group>"; };
		15BADB1E286F4A0700E85DE7 /* GoogleService-Info.plist */ = {isa = PBXFileReference; fileEncoding = 4; lastKnownFileType = text.plist.xml; path = "GoogleService-Info.plist"; sourceTree = "<group>"; };
		349E7B67AF3B22321B65112A /* Pods_LoginAuthentication.framework */ = {isa = PBXFileReference; explicitFileType = wrapper.framework; includeInIndex = 0; path = Pods_LoginAuthentication.framework; sourceTree = BUILT_PRODUCTS_DIR; };
		91021B83050D1A93E469D4D2 /* Pods-LoginAuthentication.debug.xcconfig */ = {isa = PBXFileReference; includeInIndex = 1; lastKnownFileType = text.xcconfig; name = "Pods-LoginAuthentication.debug.xcconfig"; path = "Target Support Files/Pods-LoginAuthentication/Pods-LoginAuthentication.debug.xcconfig"; sourceTree = "<group>"; };
		E5FC54B67ECC4151B397A8FF /* Pods-LoginAuthentication.release.xcconfig */ = {isa = PBXFileReference; includeInIndex = 1; lastKnownFileType = text.xcconfig; name = "Pods-LoginAuthentication.release.xcconfig"; path = "Target Support Files/Pods-LoginAuthentication/Pods-LoginAuthentication.release.xcconfig"; sourceTree = "<group>"; };
/* End PBXFileReference section */

/* Begin PBXFrameworksBuildPhase section */
		15BADB04286F492A00E85DE7 /* Frameworks */ = {
			isa = PBXFrameworksBuildPhase;
			buildActionMask = 2147483647;
			files = (
				53F610BA53F5C8BE9A83C442 /* Pods_LoginAuthentication.framework in Frameworks */,
			);
			runOnlyForDeploymentPostprocessing = 0;
		};
/* End PBXFrameworksBuildPhase section */

/* Begin PBXGroup section */
		15BADAFE286F492A00E85DE7 = {
			isa = PBXGroup;
			children = (
				15BADB09286F492A00E85DE7 /* LoginAuthentication */,
				15BADB08286F492A00E85DE7 /* Products */,
				C1F16BF02CBAAB52CFCD7757 /* Pods */,
				29CFFE9A9FD7082E66B5053C /* Frameworks */,
			);
			sourceTree = "<group>";
		};
		15BADB08286F492A00E85DE7 /* Products */ = {
			isa = PBXGroup;
			children = (
				15BADB07286F492A00E85DE7 /* LoginAuthentication.app */,
			);
			name = Products;
			sourceTree = "<group>";
		};
		15BADB09286F492A00E85DE7 /* LoginAuthentication */ = {
			isa = PBXGroup;
			children = (
				15BADB0A286F492A00E85DE7 /* AppDelegate.swift */,
				15BADB0C286F492A00E85DE7 /* SceneDelegate.swift */,
				15BADB0E286F492A00E85DE7 /* ViewController.swift */,
				157F541F286F867B0071B028 /* HomeViewController.swift */,
				157F5421286F8C620071B028 /* SignUpViewController.swift */,
				15BADB10286F492A00E85DE7 /* Main.storyboard */,
				15BADB13286F492F00E85DE7 /* Assets.xcassets */,
				15BADB15286F492F00E85DE7 /* LaunchScreen.storyboard */,
				15BADB1E286F4A0700E85DE7 /* GoogleService-Info.plist */,
				15BADB18286F492F00E85DE7 /* Info.plist */,
			);
			path = LoginAuthentication;
			sourceTree = "<group>";
		};
		29CFFE9A9FD7082E66B5053C /* Frameworks */ = {
			isa = PBXGroup;
			children = (
				349E7B67AF3B22321B65112A /* Pods_LoginAuthentication.framework */,
			);
			name = Frameworks;
			sourceTree = "<group>";
		};
		C1F16BF02CBAAB52CFCD7757 /* Pods */ = {
			isa = PBXGroup;
			children = (
				91021B83050D1A93E469D4D2 /* Pods-LoginAuthentication.debug.xcconfig */,
				E5FC54B67ECC4151B397A8FF /* Pods-LoginAuthentication.release.xcconfig */,
			);
			path = Pods;
			sourceTree = "<group>";
		};
/* End PBXGroup section */

/* Begin PBXNativeTarget section */
		15BADB06286F492A00E85DE7 /* LoginAuthentication */ = {
			isa = PBXNativeTarget;
			buildConfigurationList = 15BADB1B286F492F00E85DE7 /* Build configuration list for PBXNativeTarget "LoginAuthentication" */;
			buildPhases = (
				74B9F0C5ADE960623FB24E0F /* [CP] Check Pods Manifest.lock */,
				15BADB03286F492A00E85DE7 /* Sources */,
				15BADB04286F492A00E85DE7 /* Frameworks */,
				15BADB05286F492A00E85DE7 /* Resources */,
				35EE1141E8C9EACED235DA60 /* [CP] Embed Pods Frameworks */,
			);
			buildRules = (
			);
			dependencies = (
			);
			name = LoginAuthentication;
			productName = LoginAuthentication;
			productReference = 15BADB07286F492A00E85DE7 /* LoginAuthentication.app */;
			productType = "com.apple.product-type.application";
		};
/* End PBXNativeTarget section */

/* Begin PBXProject section */
		15BADAFF286F492A00E85DE7 /* Project object */ = {
			isa = PBXProject;
			attributes = {
				BuildIndependentTargetsInParallel = 1;
				LastSwiftUpdateCheck = 1340;
				LastUpgradeCheck = 1340;
				TargetAttributes = {
					15BADB06286F492A00E85DE7 = {
						CreatedOnToolsVersion = 13.4.1;
					};
				};
			};
			buildConfigurationList = 15BADB02286F492A00E85DE7 /* Build configuration list for PBXProject "LoginAuthentication" */;
			compatibilityVersion = "Xcode 13.0";
			developmentRegion = en;
			hasScannedForEncodings = 0;
			knownRegions = (
				en,
				Base,
			);
			mainGroup = 15BADAFE286F492A00E85DE7;
			productRefGroup = 15BADB08286F492A00E85DE7 /* Products */;
			projectDirPath = "";
			projectRoot = "";
			targets = (
				15BADB06286F492A00E85DE7 /* LoginAuthentication */,
			);
		};
/* End PBXProject section */

/* Begin PBXResourcesBuildPhase section */
		15BADB05286F492A00E85DE7 /* Resources */ = {
			isa = PBXResourcesBuildPhase;
			buildActionMask = 2147483647;
			files = (
				15BADB17286F492F00E85DE7 /* LaunchScreen.storyboard in Resources */,
				15BADB1F286F4A0700E85DE7 /* GoogleService-Info.plist in Resources */,
				15BADB14286F492F00E85DE7 /* Assets.xcassets in Resources */,
				15BADB12286F492A00E85DE7 /* Main.storyboard in Resources */,
			);
			runOnlyForDeploymentPostprocessing = 0;
		};
/* End PBXResourcesBuildPhase section */

/* Begin PBXShellScriptBuildPhase section */
		35EE1141E8C9EACED235DA60 /* [CP] Embed Pods Frameworks */ = {
			isa = PBXShellScriptBuildPhase;
			buildActionMask = 2147483647;
			files = (
			);
			inputFileListPaths = (
				"${PODS_ROOT}/Target Support Files/Pods-LoginAuthentication/Pods-LoginAuthentication-frameworks-${CONFIGURATION}-input-files.xcfilelist",
			);
			name = "[CP] Embed Pods Frameworks";
			outputFileListPaths = (
				"${PODS_ROOT}/Target Support Files/Pods-LoginAuthentication/Pods-LoginAuthentication-frameworks-${CONFIGURATION}-output-files.xcfilelist",
			);
			runOnlyForDeploymentPostprocessing = 0;
			shellPath = /bin/sh;
			shellScript = "\"${PODS_ROOT}/Target Support Files/Pods-LoginAuthentication/Pods-LoginAuthentication-frameworks.sh\"\n";
			showEnvVarsInLog = 0;
		};
		74B9F0C5ADE960623FB24E0F /* [CP] Check Pods Manifest.lock */ = {
			isa = PBXShellScriptBuildPhase;
			buildActionMask = 2147483647;
			files = (
			);
			inputFileListPaths = (
			);
			inputPaths = (
				"${PODS_PODFILE_DIR_PATH}/Podfile.lock",
				"${PODS_ROOT}/Manifest.lock",
			);
			name = "[CP] Check Pods Manifest.lock";
			outputFileListPaths = (
			);
			outputPaths = (
				"$(DERIVED_FILE_DIR)/Pods-LoginAuthentication-checkManifestLockResult.txt",
			);
			runOnlyForDeploymentPostprocessing = 0;
			shellPath = /bin/sh;
			shellScript = "diff \"${PODS_PODFILE_DIR_PATH}/Podfile.lock\" \"${PODS_ROOT}/Manifest.lock\" > /dev/null\nif [ $? != 0 ] ; then\n    # print error to STDERR\n    echo \"error: The sandbox is not in sync with the Podfile.lock. Run 'pod install' or update your CocoaPods installation.\" >&2\n    exit 1\nfi\n# This output is used by Xcode 'outputs' to avoid re-running this script phase.\necho \"SUCCESS\" > \"${SCRIPT_OUTPUT_FILE_0}\"\n";
			showEnvVarsInLog = 0;
		};
/* End PBXShellScriptBuildPhase section */

/* Begin PBXSourcesBuildPhase section */
		15BADB03286F492A00E85DE7 /* Sources */ = {
			isa = PBXSourcesBuildPhase;
			buildActionMask = 2147483647;
			files = (
				15BADB0F286F492A00E85DE7 /* ViewController.swift in Sources */,
				15BADB0B286F492A00E85DE7 /* AppDelegate.swift in Sources */,
				15BADB0D286F492A00E85DE7 /* SceneDelegate.swift in Sources */,
				157F5420286F867B0071B028 /* HomeViewController.swift in Sources */,
				157F5422286F8C620071B028 /* SignUpViewController.swift in Sources */,
			);
			runOnlyForDeploymentPostprocessing = 0;
		};
/* End PBXSourcesBuildPhase section */

/* Begin PBXVariantGroup section */
		15BADB10286F492A00E85DE7 /* Main.storyboard */ = {
			isa = PBXVariantGroup;
			children = (
				15BADB11286F492A00E85DE7 /* Base */,
			);
			name = Main.storyboard;
			sourceTree = "<group>";
		};
		15BADB15286F492F00E85DE7 /* LaunchScreen.storyboard */ = {
			isa = PBXVariantGroup;
			children = (
				15BADB16286F492F00E85DE7 /* Base */,
			);
			name = LaunchScreen.storyboard;
			sourceTree = "<group>";
		};
/* End PBXVariantGroup section */

/* Begin XCBuildConfiguration section */
		15BADB19286F492F00E85DE7 /* Debug */ = {
			isa = XCBuildConfiguration;
			buildSettings = {
				ALWAYS_SEARCH_USER_PATHS = NO;
				CLANG_ANALYZER_NONNULL = YES;
				CLANG_ANALYZER_NUMBER_OBJECT_CONVERSION = YES_AGGRESSIVE;
				CLANG_CXX_LANGUAGE_STANDARD = "gnu++17";
				CLANG_ENABLE_MODULES = YES;
				CLANG_ENABLE_OBJC_ARC = YES;
				CLANG_ENABLE_OBJC_WEAK = YES;
				CLANG_WARN_BLOCK_CAPTURE_AUTORELEASING = YES;
				CLANG_WARN_BOOL_CONVERSION = YES;
				CLANG_WARN_COMMA = YES;
				CLANG_WARN_CONSTANT_CONVERSION = YES;
				CLANG_WARN_DEPRECATED_OBJC_IMPLEMENTATIONS = YES;
				CLANG_WARN_DIRECT_OBJC_ISA_USAGE = YES_ERROR;
				CLANG_WARN_DOCUMENTATION_COMMENTS = YES;
				CLANG_WARN_EMPTY_BODY = YES;
				CLANG_WARN_ENUM_CONVERSION = YES;
				CLANG_WARN_INFINITE_RECURSION = YES;
				CLANG_WARN_INT_CONVERSION = YES;
				CLANG_WARN_NON_LITERAL_NULL_CONVERSION = YES;
				CLANG_WARN_OBJC_IMPLICIT_RETAIN_SELF = YES;
				CLANG_WARN_OBJC_LITERAL_CONVERSION = YES;
				CLANG_WARN_OBJC_ROOT_CLASS = YES_ERROR;
				CLANG_WARN_QUOTED_INCLUDE_IN_FRAMEWORK_HEADER = YES;
				CLANG_WARN_RANGE_LOOP_ANALYSIS = YES;
				CLANG_WARN_STRICT_PROTOTYPES = YES;
				CLANG_WARN_SUSPICIOUS_MOVE = YES;
				CLANG_WARN_UNGUARDED_AVAILABILITY = YES_AGGRESSIVE;
				CLANG_WARN_UNREACHABLE_CODE = YES;
				CLANG_WARN__DUPLICATE_METHOD_MATCH = YES;
				COPY_PHASE_STRIP = NO;
				DEBUG_INFORMATION_FORMAT = dwarf;
				ENABLE_STRICT_OBJC_MSGSEND = YES;
				ENABLE_TESTABILITY = YES;
				GCC_C_LANGUAGE_STANDARD = gnu11;
				GCC_DYNAMIC_NO_PIC = NO;
				GCC_NO_COMMON_BLOCKS = YES;
				GCC_OPTIMIZATION_LEVEL = 0;
				GCC_PREPROCESSOR_DEFINITIONS = (
					"DEBUG=1",
					"$(inherited)",
				);
				GCC_WARN_64_TO_32_BIT_CONVERSION = YES;
				GCC_WARN_ABOUT_RETURN_TYPE = YES_ERROR;
				GCC_WARN_UNDECLARED_SELECTOR = YES;
				GCC_WARN_UNINITIALIZED_AUTOS = YES_AGGRESSIVE;
				GCC_WARN_UNUSED_FUNCTION = YES;
				GCC_WARN_UNUSED_VARIABLE = YES;
				IPHONEOS_DEPLOYMENT_TARGET = 15.5;
				MTL_ENABLE_DEBUG_INFO = INCLUDE_SOURCE;
				MTL_FAST_MATH = YES;
				ONLY_ACTIVE_ARCH = YES;
				SDKROOT = iphoneos;
				SWIFT_ACTIVE_COMPILATION_CONDITIONS = DEBUG;
				SWIFT_OPTIMIZATION_LEVEL = "-Onone";
			};
			name = Debug;
		};
		15BADB1A286F492F00E85DE7 /* Release */ = {
			isa = XCBuildConfiguration;
			buildSettings = {
				ALWAYS_SEARCH_USER_PATHS = NO;
				CLANG_ANALYZER_NONNULL = YES;
				CLANG_ANALYZER_NUMBER_OBJECT_CONVERSION = YES_AGGRESSIVE;
				CLANG_CXX_LANGUAGE_STANDARD = "gnu++17";
				CLANG_ENABLE_MODULES = YES;
				CLANG_ENABLE_OBJC_ARC = YES;
				CLANG_ENABLE_OBJC_WEAK = YES;
				CLANG_WARN_BLOCK_CAPTURE_AUTORELEASING = YES;
				CLANG_WARN_BOOL_CONVERSION = YES;
				CLANG_WARN_COMMA = YES;
				CLANG_WARN_CONSTANT_CONVERSION = YES;
				CLANG_WARN_DEPRECATED_OBJC_IMPLEMENTATIONS = YES;
				CLANG_WARN_DIRECT_OBJC_ISA_USAGE = YES_ERROR;
				CLANG_WARN_DOCUMENTATION_COMMENTS = YES;
				CLANG_WARN_EMPTY_BODY = YES;
				CLANG_WARN_ENUM_CONVERSION = YES;
				CLANG_WARN_INFINITE_RECURSION = YES;
				CLANG_WARN_INT_CONVERSION = YES;
				CLANG_WARN_NON_LITERAL_NULL_CONVERSION = YES;
				CLANG_WARN_OBJC_IMPLICIT_RETAIN_SELF = YES;
				CLANG_WARN_OBJC_LITERAL_CONVERSION = YES;
				CLANG_WARN_OBJC_ROOT_CLASS = YES_ERROR;
				CLANG_WARN_QUOTED_INCLUDE_IN_FRAMEWORK_HEADER = YES;
				CLANG_WARN_RANGE_LOOP_ANALYSIS = YES;
				CLANG_WARN_STRICT_PROTOTYPES = YES;
				CLANG_WARN_SUSPICIOUS_MOVE = YES;
				CLANG_WARN_UNGUARDED_AVAILABILITY = YES_AGGRESSIVE;
				CLANG_WARN_UNREACHABLE_CODE = YES;
				CLANG_WARN__DUPLICATE_METHOD_MATCH = YES;
				COPY_PHASE_STRIP = NO;
				DEBUG_INFORMATION_FORMAT = "dwarf-with-dsym";
				ENABLE_NS_ASSERTIONS = NO;
				ENABLE_STRICT_OBJC_MSGSEND = YES;
				GCC_C_LANGUAGE_STANDARD = gnu11;
				GCC_NO_COMMON_BLOCKS = YES;
				GCC_WARN_64_TO_32_BIT_CONVERSION = YES;
				GCC_WARN_ABOUT_RETURN_TYPE = YES_ERROR;
				GCC_WARN_UNDECLARED_SELECTOR = YES;
				GCC_WARN_UNINITIALIZED_AUTOS = YES_AGGRESSIVE;
				GCC_WARN_UNUSED_FUNCTION = YES;
				GCC_WARN_UNUSED_VARIABLE = YES;
				IPHONEOS_DEPLOYMENT_TARGET = 15.5;
				MTL_ENABLE_DEBUG_INFO = NO;
				MTL_FAST_MATH = YES;
				SDKROOT = iphoneos;
				SWIFT_COMPILATION_MODE = wholemodule;
				SWIFT_OPTIMIZATION_LEVEL = "-O";
				VALIDATE_PRODUCT = YES;
			};
			name = Release;
		};
		15BADB1C286F492F00E85DE7 /* Debug */ = {
			isa = XCBuildConfiguration;
			baseConfigurationReference = 91021B83050D1A93E469D4D2 /* Pods-LoginAuthentication.debug.xcconfig */;
			buildSettings = {
				ASSETCATALOG_COMPILER_APPICON_NAME = AppIcon;
				ASSETCATALOG_COMPILER_GLOBAL_ACCENT_COLOR_NAME = AccentColor;
				CODE_SIGN_STYLE = Automatic;
				CURRENT_PROJECT_VERSION = 1;
				DEVELOPMENT_TEAM = K4K55XNXA6;
				GENERATE_INFOPLIST_FILE = YES;
				INFOPLIST_FILE = LoginAuthentication/Info.plist;
				INFOPLIST_KEY_UIApplicationSupportsIndirectInputEvents = YES;
				INFOPLIST_KEY_UILaunchStoryboardName = LaunchScreen;
				INFOPLIST_KEY_UIMainStoryboardFile = Main;
				INFOPLIST_KEY_UISupportedInterfaceOrientations_iPad = "UIInterfaceOrientationPortrait UIInterfaceOrientationPortraitUpsideDown UIInterfaceOrientationLandscapeLeft UIInterfaceOrientationLandscapeRight";
				INFOPLIST_KEY_UISupportedInterfaceOrientations_iPhone = "UIInterfaceOrientationPortrait UIInterfaceOrientationLandscapeLeft UIInterfaceOrientationLandscapeRight";
				LD_RUNPATH_SEARCH_PATHS = (
					"$(inherited)",
					"@executable_path/Frameworks",
				);
				MARKETING_VERSION = 1.0;
				PRODUCT_BUNDLE_IDENTIFIER = com.example.loginAuthentication;
				PRODUCT_NAME = "$(TARGET_NAME)";
				SWIFT_EMIT_LOC_STRINGS = YES;
				SWIFT_VERSION = 5.0;
				TARGETED_DEVICE_FAMILY = "1,2";
			};
			name = Debug;
		};
		15BADB1D286F492F00E85DE7 /* Release */ = {
			isa = XCBuildConfiguration;
			baseConfigurationReference = E5FC54B67ECC4151B397A8FF /* Pods-LoginAuthentication.release.xcconfig */;
			buildSettings = {
				ASSETCATALOG_COMPILER_APPICON_NAME = AppIcon;
				ASSETCATALOG_COMPILER_GLOBAL_ACCENT_COLOR_NAME = AccentColor;
				CODE_SIGN_STYLE = Automatic;
				CURRENT_PROJECT_VERSION = 1;
				DEVELOPMENT_TEAM = K4K55XNXA6;
				GENERATE_INFOPLIST_FILE = YES;
				INFOPLIST_FILE = LoginAuthentication/Info.plist;
				INFOPLIST_KEY_UIApplicationSupportsIndirectInputEvents = YES;
				INFOPLIST_KEY_UILaunchStoryboardName = LaunchScreen;
				INFOPLIST_KEY_UIMainStoryboardFile = Main;
				INFOPLIST_KEY_UISupportedInterfaceOrientations_iPad = "UIInterfaceOrientationPortrait UIInterfaceOrientationPortraitUpsideDown UIInterfaceOrientationLandscapeLeft UIInterfaceOrientationLandscapeRight";
				INFOPLIST_KEY_UISupportedInterfaceOrientations_iPhone = "UIInterfaceOrientationPortrait UIInterfaceOrientationLandscapeLeft UIInterfaceOrientationLandscapeRight";
				LD_RUNPATH_SEARCH_PATHS = (
					"$(inherited)",
					"@executable_path/Frameworks",
				);
				MARKETING_VERSION = 1.0;
				PRODUCT_BUNDLE_IDENTIFIER = com.example.loginAuthentication;
				PRODUCT_NAME = "$(TARGET_NAME)";
				SWIFT_EMIT_LOC_STRINGS = YES;
				SWIFT_VERSION = 5.0;
				TARGETED_DEVICE_FAMILY = "1,2";
			};
			name = Release;
		};
/* End XCBuildConfiguration section */

/* Begin XCConfigurationList section */
		15BADB02286F492A00E85DE7 /* Build configuration list for PBXProject "LoginAuthentication" */ = {
			isa = XCConfigurationList;
			buildConfigurations = (
				15BADB19286F492F00E85DE7 /* Debug */,
				15BADB1A286F492F00E85DE7 /* Release */,
			);
			defaultConfigurationIsVisible = 0;
			defaultConfigurationName = Release;
		};
		15BADB1B286F492F00E85DE7 /* Build configuration list for PBXNativeTarget "LoginAuthentication" */ = {
			isa = XCConfigurationList;
			buildConfigurations = (
				15BADB1C286F492F00E85DE7 /* Debug */,
				15BADB1D286F492F00E85DE7 /* Release */,
			);
			defaultConfigurationIsVisible = 0;
			defaultConfigurationName = Release;
		};
/* End XCConfigurationList section */
	};
	rootObject = 15BADAFF286F492A00E85DE7 /* Project object */;
}
